
Microsoft Visual Studio Solution File, Format Version 12.00
# Visual Studio 15
VisualStudioVersion = 15.0.28307.489
MinimumVisualStudioVersion = 10.0.40219.1
Project("{FAE04EC0-301F-11D3-BF4B-00C04F79EFBC}") = "Project_1_c_sharp", "Project_1_c_sharp\Project_1_c_sharp.csproj", "{BB76D9CF-D9D4-4188-BAE2-E16FF703D67E}"
EndProject
Global
	GlobalSection(SolutionConfigurationPlatforms) = preSolution
		Debug|Any CPU = Debug|Any CPU
		Release|Any CPU = Release|Any CPU
	EndGlobalSection
	GlobalSection(ProjectConfigurationPlatforms) = postSolution
		{BB76D9CF-D9D4-4188-BAE2-E16FF703D67E}.Debug|Any CPU.ActiveCfg = Debug|Any CPU
		{BB76D9CF-D9D4-4188-BAE2-E16FF703D67E}.Debug|Any CPU.Build.0 = Debug|Any CPU
		{BB76D9CF-D9D4-4188-BAE2-E16FF703D67E}.Release|Any CPU.ActiveCfg = Release|Any CPU
		{BB76D9CF-D9D4-4188-BAE2-E16FF703D67E}.Release|Any CPU.Build.0 = Release|Any CPU
	EndGlobalSection
	GlobalSection(SolutionProperties) = preSolution
		HideSolutionNode = FALSE
	EndGlobalSection
	GlobalSection(ExtensibilityGlobals) = postSolution
		SolutionGuid = {75F48498-1732-481B-8253-BD16A6397DBD}
	EndGlobalSection
EndGlobal
